github.com/PowerDNS/lmdb-go v1.9.3 h1:AUMY2pZT8WRpkEv39I9Id3MuoHd+NZbTVpNhruVkPTg=
github.com/PowerDNS/lmdb-go v1.9.3/go.mod h1:TE0l+EZK8Z1B4dx070ZxkWTlp8RG1mjN0/+FkFRQMtU=
github.com/holiman/uint256 v1.3.2 h1:a9EgMPSC1AAaj1SZL5zIQD3WbwTuHrMGOerLjGmM/TA=
github.com/holiman/uint256 v1.3.2/go.mod h1:EOMSn4q6Nyt9P6efbI3bueV4e1b3dGlUCXeiRV4ng7E=
